{
  "name": "new_reto",
  "version": "0.0.0",
  "lockfileVersion": 2,
  "dependencies": {
    "vite": {
      "version": "^6.1.0",
      "resolved": "https://registry.npmjs.org/vite/-/vite-6.1.0.tgz",
      "integrity": "sha512-OzNNxVjRINtzyKZzZaVJ2LPsNOkYNz2BptDN16SAn0QugkGOIh+hzq9uoVXrk5aBR6YPX0F9bcwCEXUVLV3ENw==",
      "engines": {
        "node": ">=16.8.0"
      }
    },
    "tailwindcss": {
      "version": "^3.0.0",
      "resolved": "https://registry.npmjs.org/tailwindcss/-/tailwindcss-3.0.0.tgz",
      "integrity": "sha512-c9hLe/OeeN7PvQO/B4zUmdMz61Bd8/YoEOqaGdUPfOnw71m7lK7Wmc5jtn0HxfGSv5F7fLNRu3V65uPBxLz6QgA=="
    }
  },
  "devDependencies": {},
  "engines": {
    "node": ">=16.8.0"
  }
}
